
Microsoft Visual Studio Solution File, Format Version 12.00
# Visual Studio 14
VisualStudioVersion = 14.0.23107.0
MinimumVisualStudioVersion = 10.0.40219.1
Project("{8BC9CEB8-8B4A-11D0-8D11-00A0C91BC942}") = "Bitfields_Unions", "Bitfields_Unions\Bitfields_Unions.vcxproj", "{9292D2B6-2264-4EDB-8082-22A424739C7A}"
EndProject
Project("{8BC9CEB8-8B4A-11D0-8D11-00A0C91BC942}") = "Bitfields_Unions_Sol.1", "Bitfields_Unions_Sol.1\Bitfields_Unions_Sol.1.vcxproj", "{526ABE6C-2A6E-4234-A99E-81ED1952A8C4}"
EndProject
Project("{8BC9CEB8-8B4A-11D0-8D11-00A0C91BC942}") = "Bitfields_Unions_Sol.3", "Bitfields_Unions_Sol.3\Bitfields_Unions_Sol.3.vcxproj", "{5DCC9283-430E-41DC-86C6-ED6B0756A0F5}"
EndProject
Project("{8BC9CEB8-8B4A-11D0-8D11-00A0C91BC942}") = "Bitfields_Unions_Sol.2", "Bitfields_Unions_Sol.2\Bitfields_Unions_Sol.2.vcxproj", "{C6B80779-6058-4263-B71E-0D6E9168B235}"
EndProject
Project("{8BC9CEB8-8B4A-11D0-8D11-00A0C91BC942}") = "Bitfields_Unions_Sol.4", "Bitfields_Unions_Sol.4\Bitfields_Unions_Sol.4.vcxproj", "{856D59FE-AAF9-431F-9947-1E273ABB7865}"
EndProject
Project("{8BC9CEB8-8B4A-11D0-8D11-00A0C91BC942}") = "Time_Library", "Time_Library\Time_Library.vcxproj", "{48F291D2-3489-4187-A7F1-661B4E6A0DF0}"
EndProject
Global
	GlobalSection(SolutionConfigurationPlatforms) = preSolution
		Debug|x64 = Debug|x64
		Debug|x86 = Debug|x86
		Release|x64 = Release|x64
		Release|x86 = Release|x86
	EndGlobalSection
	GlobalSection(ProjectConfigurationPlatforms) = postSolution
		{9292D2B6-2264-4EDB-8082-22A424739C7A}.Debug|x64.ActiveCfg = Debug|Win32
		{9292D2B6-2264-4EDB-8082-22A424739C7A}.Debug|x86.ActiveCfg = Debug|Win32
		{9292D2B6-2264-4EDB-8082-22A424739C7A}.Debug|x86.Build.0 = Debug|Win32
		{9292D2B6-2264-4EDB-8082-22A424739C7A}.Release|x64.ActiveCfg = Release|Win32
		{9292D2B6-2264-4EDB-8082-22A424739C7A}.Release|x86.ActiveCfg = Release|Win32
		{9292D2B6-2264-4EDB-8082-22A424739C7A}.Release|x86.Build.0 = Release|Win32
		{526ABE6C-2A6E-4234-A99E-81ED1952A8C4}.Debug|x64.ActiveCfg = Debug|Win32
		{526ABE6C-2A6E-4234-A99E-81ED1952A8C4}.Debug|x86.ActiveCfg = Debug|Win32
		{526ABE6C-2A6E-4234-A99E-81ED1952A8C4}.Debug|x86.Build.0 = Debug|Win32
		{526ABE6C-2A6E-4234-A99E-81ED1952A8C4}.Release|x64.ActiveCfg = Release|Win32
		{526ABE6C-2A6E-4234-A99E-81ED1952A8C4}.Release|x86.ActiveCfg = Release|Win32
		{526ABE6C-2A6E-4234-A99E-81ED1952A8C4}.Release|x86.Build.0 = Release|Win32
		{5DCC9283-430E-41DC-86C6-ED6B0756A0F5}.Debug|x64.ActiveCfg = Debug|Win32
		{5DCC9283-430E-41DC-86C6-ED6B0756A0F5}.Debug|x86.ActiveCfg = Debug|Win32
		{5DCC9283-430E-41DC-86C6-ED6B0756A0F5}.Debug|x86.Build.0 = Debug|Win32
		{5DCC9283-430E-41DC-86C6-ED6B0756A0F5}.Release|x64.ActiveCfg = Release|Win32
		{5DCC9283-430E-41DC-86C6-ED6B0756A0F5}.Release|x86.ActiveCfg = Release|Win32
		{5DCC9283-430E-41DC-86C6-ED6B0756A0F5}.Release|x86.Build.0 = Release|Win32
		{C6B80779-6058-4263-B71E-0D6E9168B235}.Debug|x64.ActiveCfg = Debug|Win32
		{C6B80779-6058-4263-B71E-0D6E9168B235}.Debug|x86.ActiveCfg = Debug|Win32
		{C6B80779-6058-4263-B71E-0D6E9168B235}.Debug|x86.Build.0 = Debug|Win32
		{C6B80779-6058-4263-B71E-0D6E9168B235}.Release|x64.ActiveCfg = Release|Win32
		{C6B80779-6058-4263-B71E-0D6E9168B235}.Release|x86.ActiveCfg = Release|Win32
		{C6B80779-6058-4263-B71E-0D6E9168B235}.Release|x86.Build.0 = Release|Win32
		{856D59FE-AAF9-431F-9947-1E273ABB7865}.Debug|x64.ActiveCfg = Debug|Win32
		{856D59FE-AAF9-431F-9947-1E273ABB7865}.Debug|x86.ActiveCfg = Debug|Win32
		{856D59FE-AAF9-431F-9947-1E273ABB7865}.Debug|x86.Build.0 = Debug|Win32
		{856D59FE-AAF9-431F-9947-1E273ABB7865}.Release|x64.ActiveCfg = Release|Win32
		{856D59FE-AAF9-431F-9947-1E273ABB7865}.Release|x86.ActiveCfg = Release|Win32
		{856D59FE-AAF9-431F-9947-1E273ABB7865}.Release|x86.Build.0 = Release|Win32
		{48F291D2-3489-4187-A7F1-661B4E6A0DF0}.Debug|x64.ActiveCfg = Debug|x64
		{48F291D2-3489-4187-A7F1-661B4E6A0DF0}.Debug|x64.Build.0 = Debug|x64
		{48F291D2-3489-4187-A7F1-661B4E6A0DF0}.Debug|x86.ActiveCfg = Debug|Win32
		{48F291D2-3489-4187-A7F1-661B4E6A0DF0}.Debug|x86.Build.0 = Debug|Win32
		{48F291D2-3489-4187-A7F1-661B4E6A0DF0}.Release|x64.ActiveCfg = Release|x64
		{48F291D2-3489-4187-A7F1-661B4E6A0DF0}.Release|x64.Build.0 = Release|x64
		{48F291D2-3489-4187-A7F1-661B4E6A0DF0}.Release|x86.ActiveCfg = Release|Win32
		{48F291D2-3489-4187-A7F1-661B4E6A0DF0}.Release|x86.Build.0 = Release|Win32
	EndGlobalSection
	GlobalSection(SolutionProperties) = preSolution
		HideSolutionNode = FALSE
	EndGlobalSection
EndGlobal
