Microsoft Visual Studio Solution File, Format Version 12.00
# Visual Studio 14
VisualStudioVersion = 14.0.23107.0
MinimumVisualStudioVersion = 10.0.40219.1
Project("{8BC9CEB8-8B4A-11D0-8D11-00A0C91BC942}") = "Proxy", "Proxy\Proxy.vcxproj", "{7F9E1459-1C02-4F46-872E-0FF9FB3FEA84}"
EndProject
Project("{8BC9CEB8-8B4A-11D0-8D11-00A0C91BC942}") = "Proxy_Sol.1", "Proxy_Sol.1\Proxy_Sol.1.vcxproj", "{B6B36CF8-39E1-49F4-A264-F1FE3DFA94B2}"
EndProject
Project("{8BC9CEB8-8B4A-11D0-8D11-00A0C91BC942}") = "SmartPtr", "SmartPtr\SmartPtr.vcxproj", "{7B0A2C2C-4607-4573-B2C8-3F19497CAE33}"
EndProject
Project("{8BC9CEB8-8B4A-11D0-8D11-00A0C91BC942}") = "SmartPtr_Sol.2", "SmartPtr_Sol.2\SmartPtr_Sol.1.vcxproj", "{A9145BD4-0527-4AC3-970D-280860367AF9}"
EndProject
Project("{8BC9CEB8-8B4A-11D0-8D11-00A0C91BC942}") = "SmartPtr_Sol.3", "SmartPtr_Sol.3\SmartPtr_Sol.3.vcxproj", "{1E61FDB3-4AE1-4DBF-85F8-95531C1A9953}"
EndProject
Global
	GlobalSection(SolutionConfigurationPlatforms) = preSolution
		Debug|x86 = Debug|x86
		Release|x86 = Release|x86
	EndGlobalSection
	GlobalSection(ProjectConfigurationPlatforms) = postSolution
		{7F9E1459-1C02-4F46-872E-0FF9FB3FEA84}.Debug|x86.ActiveCfg = Debug|Win32
		{7F9E1459-1C02-4F46-872E-0FF9FB3FEA84}.Debug|x86.Build.0 = Debug|Win32
		{7F9E1459-1C02-4F46-872E-0FF9FB3FEA84}.Release|x86.ActiveCfg = Release|Win32
		{7F9E1459-1C02-4F46-872E-0FF9FB3FEA84}.Release|x86.Build.0 = Release|Win32
		{B6B36CF8-39E1-49F4-A264-F1FE3DFA94B2}.Debug|x86.ActiveCfg = Debug|Win32
		{B6B36CF8-39E1-49F4-A264-F1FE3DFA94B2}.Debug|x86.Build.0 = Debug|Win32
		{B6B36CF8-39E1-49F4-A264-F1FE3DFA94B2}.Release|x86.ActiveCfg = Release|Win32
		{B6B36CF8-39E1-49F4-A264-F1FE3DFA94B2}.Release|x86.Build.0 = Release|Win32
		{7B0A2C2C-4607-4573-B2C8-3F19497CAE33}.Debug|x86.ActiveCfg = Debug|Win32
		{7B0A2C2C-4607-4573-B2C8-3F19497CAE33}.Debug|x86.Build.0 = Debug|Win32
		{7B0A2C2C-4607-4573-B2C8-3F19497CAE33}.Release|x86.ActiveCfg = Release|Win32
		{7B0A2C2C-4607-4573-B2C8-3F19497CAE33}.Release|x86.Build.0 = Release|Win32
		{A9145BD4-0527-4AC3-970D-280860367AF9}.Debug|x86.ActiveCfg = Debug|Win32
		{A9145BD4-0527-4AC3-970D-280860367AF9}.Debug|x86.Build.0 = Debug|Win32
		{A9145BD4-0527-4AC3-970D-280860367AF9}.Release|x86.ActiveCfg = Release|Win32
		{A9145BD4-0527-4AC3-970D-280860367AF9}.Release|x86.Build.0 = Release|Win32
		{1E61FDB3-4AE1-4DBF-85F8-95531C1A9953}.Debug|x86.ActiveCfg = Debug|Win32
		{1E61FDB3-4AE1-4DBF-85F8-95531C1A9953}.Debug|x86.Build.0 = Debug|Win32
		{1E61FDB3-4AE1-4DBF-85F8-95531C1A9953}.Release|x86.ActiveCfg = Release|Win32
		{1E61FDB3-4AE1-4DBF-85F8-95531C1A9953}.Release|x86.Build.0 = Release|Win32
	EndGlobalSection
	GlobalSection(SolutionProperties) = preSolution
		HideSolutionNode = FALSE
	EndGlobalSection
EndGlobal
