
Microsoft Visual Studio Solution File, Format Version 12.00
# Visual Studio 14
VisualStudioVersion = 14.0.23107.0
MinimumVisualStudioVersion = 10.0.40219.1
Project("{8BC9CEB8-8B4A-11D0-8D11-00A0C91BC942}") = "Statics_Globals_Sol.3", "Statics_Globals_Sol.3\Statics_Globals_Sol.3.vcxproj", "{856D59FE-AAF9-431F-9947-1E273ABB7865}"
EndProject
Project("{8BC9CEB8-8B4A-11D0-8D11-00A0C91BC942}") = "Statics_Globals_Sol.2", "Statics_Globals_Sol.2\Statics_Globals_Sol.2.vcxproj", "{81F3A5EC-7372-46CB-8278-5DED1D660C6A}"
EndProject
Project("{8BC9CEB8-8B4A-11D0-8D11-00A0C91BC942}") = "Statics_Globals_Sol.1", "Statics_Globals_Sol.1\Statics_Globals_Sol.1.vcxproj", "{72FDA4C1-DCD0-49C4-8CBC-50D6637CC3B7}"
EndProject
Project("{8BC9CEB8-8B4A-11D0-8D11-00A0C91BC942}") = "Statics_Globals_Sol.4", "Statics_Globals_Sol.4\Statics_Globals_Sol.4.vcxproj", "{C1900658-6362-4534-ACBD-B7B59710752D}"
EndProject
Project("{8BC9CEB8-8B4A-11D0-8D11-00A0C91BC942}") = "Statics_Globals", "Statics_Globals\Statics_Globals.vcxproj", "{A0F6B7FE-9845-49C8-A8FE-1394E07B8B83}"
EndProject
Project("{8BC9CEB8-8B4A-11D0-8D11-00A0C91BC942}") = "Time_Library", "Time_Library\Time_Library.vcxproj", "{48F291D2-3489-4187-A7F1-661B4E6A0DF0}"
EndProject
Global
	GlobalSection(SolutionConfigurationPlatforms) = preSolution
		Debug|x64 = Debug|x64
		Debug|x86 = Debug|x86
		Release|x64 = Release|x64
		Release|x86 = Release|x86
	EndGlobalSection
	GlobalSection(ProjectConfigurationPlatforms) = postSolution
		{856D59FE-AAF9-431F-9947-1E273ABB7865}.Debug|x64.ActiveCfg = Debug|Win32
		{856D59FE-AAF9-431F-9947-1E273ABB7865}.Debug|x86.ActiveCfg = Debug|Win32
		{856D59FE-AAF9-431F-9947-1E273ABB7865}.Debug|x86.Build.0 = Debug|Win32
		{856D59FE-AAF9-431F-9947-1E273ABB7865}.Release|x64.ActiveCfg = Release|Win32
		{856D59FE-AAF9-431F-9947-1E273ABB7865}.Release|x86.ActiveCfg = Release|Win32
		{856D59FE-AAF9-431F-9947-1E273ABB7865}.Release|x86.Build.0 = Release|Win32
		{81F3A5EC-7372-46CB-8278-5DED1D660C6A}.Debug|x64.ActiveCfg = Debug|Win32
		{81F3A5EC-7372-46CB-8278-5DED1D660C6A}.Debug|x86.ActiveCfg = Debug|Win32
		{81F3A5EC-7372-46CB-8278-5DED1D660C6A}.Debug|x86.Build.0 = Debug|Win32
		{81F3A5EC-7372-46CB-8278-5DED1D660C6A}.Release|x64.ActiveCfg = Release|Win32
		{81F3A5EC-7372-46CB-8278-5DED1D660C6A}.Release|x86.ActiveCfg = Release|Win32
		{81F3A5EC-7372-46CB-8278-5DED1D660C6A}.Release|x86.Build.0 = Release|Win32
		{72FDA4C1-DCD0-49C4-8CBC-50D6637CC3B7}.Debug|x64.ActiveCfg = Debug|Win32
		{72FDA4C1-DCD0-49C4-8CBC-50D6637CC3B7}.Debug|x86.ActiveCfg = Debug|Win32
		{72FDA4C1-DCD0-49C4-8CBC-50D6637CC3B7}.Debug|x86.Build.0 = Debug|Win32
		{72FDA4C1-DCD0-49C4-8CBC-50D6637CC3B7}.Release|x64.ActiveCfg = Release|Win32
		{72FDA4C1-DCD0-49C4-8CBC-50D6637CC3B7}.Release|x86.ActiveCfg = Release|Win32
		{72FDA4C1-DCD0-49C4-8CBC-50D6637CC3B7}.Release|x86.Build.0 = Release|Win32
		{C1900658-6362-4534-ACBD-B7B59710752D}.Debug|x64.ActiveCfg = Debug|Win32
		{C1900658-6362-4534-ACBD-B7B59710752D}.Debug|x86.ActiveCfg = Debug|Win32
		{C1900658-6362-4534-ACBD-B7B59710752D}.Debug|x86.Build.0 = Debug|Win32
		{C1900658-6362-4534-ACBD-B7B59710752D}.Release|x64.ActiveCfg = Release|Win32
		{C1900658-6362-4534-ACBD-B7B59710752D}.Release|x86.ActiveCfg = Release|Win32
		{C1900658-6362-4534-ACBD-B7B59710752D}.Release|x86.Build.0 = Release|Win32
		{A0F6B7FE-9845-49C8-A8FE-1394E07B8B83}.Debug|x64.ActiveCfg = Debug|Win32
		{A0F6B7FE-9845-49C8-A8FE-1394E07B8B83}.Debug|x86.ActiveCfg = Debug|Win32
		{A0F6B7FE-9845-49C8-A8FE-1394E07B8B83}.Debug|x86.Build.0 = Debug|Win32
		{A0F6B7FE-9845-49C8-A8FE-1394E07B8B83}.Release|x64.ActiveCfg = Release|Win32
		{A0F6B7FE-9845-49C8-A8FE-1394E07B8B83}.Release|x86.ActiveCfg = Release|Win32
		{A0F6B7FE-9845-49C8-A8FE-1394E07B8B83}.Release|x86.Build.0 = Release|Win32
		{48F291D2-3489-4187-A7F1-661B4E6A0DF0}.Debug|x64.ActiveCfg = Debug|x64
		{48F291D2-3489-4187-A7F1-661B4E6A0DF0}.Debug|x64.Build.0 = Debug|x64
		{48F291D2-3489-4187-A7F1-661B4E6A0DF0}.Debug|x86.ActiveCfg = Debug|Win32
		{48F291D2-3489-4187-A7F1-661B4E6A0DF0}.Debug|x86.Build.0 = Debug|Win32
		{48F291D2-3489-4187-A7F1-661B4E6A0DF0}.Release|x64.ActiveCfg = Release|x64
		{48F291D2-3489-4187-A7F1-661B4E6A0DF0}.Release|x64.Build.0 = Release|x64
		{48F291D2-3489-4187-A7F1-661B4E6A0DF0}.Release|x86.ActiveCfg = Release|Win32
		{48F291D2-3489-4187-A7F1-661B4E6A0DF0}.Release|x86.Build.0 = Release|Win32
	EndGlobalSection
	GlobalSection(SolutionProperties) = preSolution
		HideSolutionNode = FALSE
	EndGlobalSection
EndGlobal
